
Microsoft Visual Studio Solution File, Format Version 12.00
# Visual Studio 15
VisualStudioVersion = 15.0.27004.2005
MinimumVisualStudioVersion = 10.0.40219.1
Project("{FAE04EC0-301F-11D3-BF4B-00C04F79EFBC}") = "FoundationsEditor", "FoundationsEditor\FoundationsEditor.csproj", "{7C169406-6430-406D-A2B1-A09FD1E8C47A}"
EndProject
Global
	GlobalSection(SolutionConfigurationPlatforms) = preSolution
		Debug|Any CPU = Debug|Any CPU
		Release|Any CPU = Release|Any CPU
	EndGlobalSection
	GlobalSection(ProjectConfigurationPlatforms) = postSolution
		{7C169406-6430-406D-A2B1-A09FD1E8C47A}.Debug|Any CPU.ActiveCfg = Debug|Any CPU
		{7C169406-6430-406D-A2B1-A09FD1E8C47A}.Debug|Any CPU.Build.0 = Debug|Any CPU
		{7C169406-6430-406D-A2B1-A09FD1E8C47A}.Release|Any CPU.ActiveCfg = Release|Any CPU
		{7C169406-6430-406D-A2B1-A09FD1E8C47A}.Release|Any CPU.Build.0 = Release|Any CPU
	EndGlobalSection
	GlobalSection(SolutionProperties) = preSolution
		HideSolutionNode = FALSE
	EndGlobalSection
	GlobalSection(ExtensibilityGlobals) = postSolution
		SolutionGuid = {36623C1E-9FA0-4B42-AF73-886EFAD911D5}
	EndGlobalSection
EndGlobal
